
Microsoft Visual Studio Solution File, Format Version 12.00
# Visual Studio Version 17
VisualStudioVersion = 17.9.34622.214
MinimumVisualStudioVersion = 10.0.40219.1
Project("{FAE04EC0-301F-11D3-BF4B-00C04F79EFBC}") = "EventProject", "EventProject.csproj", "{7C93A05B-C2BF-4A66-B270-8CA61C00FFCE}"
EndProject
Global
	GlobalSection(SolutionConfigurationPlatforms) = preSolution
		Debug|Any CPU = Debug|Any CPU
		Release|Any CPU = Release|Any CPU
	EndGlobalSection
	GlobalSection(ProjectConfigurationPlatforms) = postSolution
		{7C93A05B-C2BF-4A66-B270-8CA61C00FFCE}.Debug|Any CPU.ActiveCfg = Debug|Any CPU
		{7C93A05B-C2BF-4A66-B270-8CA61C00FFCE}.Debug|Any CPU.Build.0 = Debug|Any CPU
		{7C93A05B-C2BF-4A66-B270-8CA61C00FFCE}.Release|Any CPU.ActiveCfg = Release|Any CPU
		{7C93A05B-C2BF-4A66-B270-8CA61C00FFCE}.Release|Any CPU.Build.0 = Release|Any CPU
	EndGlobalSection
	GlobalSection(SolutionProperties) = preSolution
		HideSolutionNode = FALSE
	EndGlobalSection
	GlobalSection(ExtensibilityGlobals) = postSolution
		SolutionGuid = {C8DFC22A-32FB-428A-BABC-BCA1D3BE5329}
	EndGlobalSection
EndGlobal
